// !$*UTF8*$!
{
	archiveVersion = 1;
	classes = {
	};
	objectVersion = 50;
	objects = {

/* Begin PBXBuildFile section */
		FECBE535217631CC00AD9112 /* AppDelegate.swift in Sources */ = {isa = PBXBuildFile; fileRef = FECBE534217631CC00AD9112 /* AppDelegate.swift */; };
		FECBE537217631CC00AD9112 /* ViewController.swift in Sources */ = {isa = PBXBuildFile; fileRef = FECBE536217631CC00AD9112 /* ViewController.swift */; };
		FECBE53C217631CD00AD9112 /* Assets.xcassets in Resources */ = {isa = PBXBuildFile; fileRef = FECBE53B217631CD00AD9112 /* Assets.xcassets */; };
		FECBE53F217631CD00AD9112 /* LaunchScreen.storyboard in Resources */ = {isa = PBXBuildFile; fileRef = FECBE53D217631CD00AD9112 /* LaunchScreen.storyboard */; };
		FECBE54A217631CD00AD9112 /* numbersTests.swift in Sources */ = {isa = PBXBuildFile; fileRef = FECBE549217631CD00AD9112 /* numbersTests.swift */; };
		FECBE555217631CD00AD9112 /* numbersUITests.swift in Sources */ = {isa = PBXBuildFile; fileRef = FECBE554217631CD00AD9112 /* numbersUITests.swift */; };
		FECBE56321773D2800AD9112 /* SimpleMnist.mlmodel in Sources */ = {isa = PBXBuildFile; fileRef = FECBE56221773D2800AD9112 /* SimpleMnist.mlmodel */; };
/* End PBXBuildFile section */

/* Begin PBXContainerItemProxy section */
		FECBE546217631CD00AD9112 /* PBXContainerItemProxy */ = {
			isa = PBXContainerItemProxy;
			containerPortal = FECBE529217631CC00AD9112 /* Project object */;
			proxyType = 1;
			remoteGlobalIDString = FECBE530217631CC00AD9112;
			remoteInfo = numbers;
		};
		FECBE551217631CD00AD9112 /* PBXContainerItemProxy */ = {
			isa = PBXContainerItemProxy;
			containerPortal = FECBE529217631CC00AD9112 /* Project object */;
			proxyType = 1;
			remoteGlobalIDString = FECBE530217631CC00AD9112;
			remoteInfo = numbers;
		};
/* End PBXContainerItemProxy section */

/* Begin PBXFileReference section */
		FECBE531217631CC00AD9112 /* numbers.app */ = {isa = PBXFileReference; explicitFileType = wrapper.application; includeInIndex = 0; path = numbers.app; sourceTree = BUILT_PRODUCTS_DIR; };
		FECBE534217631CC00AD9112 /* AppDelegate.swift */ = {isa = PBXFileReference; lastKnownFileType = sourcecode.swift; path = AppDelegate.swift; sourceTree = "<group>"; };
		FECBE536217631CC00AD9112 /* ViewController.swift */ = {isa = PBXFileReference; lastKnownFileType = sourcecode.swift; path = ViewController.swift; sourceTree = "<group>"; };
		FECBE53B217631CD00AD9112 /* Assets.xcassets */ = {isa = PBXFileReference; lastKnownFileType = folder.assetcatalog; path = Assets.xcassets; sourceTree = "<group>"; };
		FECBE53E217631CD00AD9112 /* Base */ = {isa = PBXFileReference; lastKnownFileType = file.storyboard; name = Base; path = Base.lproj/LaunchScreen.storyboard; sourceTree = "<group>"; };
		FECBE540217631CD00AD9112 /* Info.plist */ = {isa = PBXFileReference; lastKnownFileType = text.plist.xml; path = Info.plist; sourceTree = "<group>"; };
		FECBE545217631CD00AD9112 /* numbersTests.xctest */ = {isa = PBXFileReference; explicitFileType = wrapper.cfbundle; includeInIndex = 0; path = numbersTests.xctest; sourceTree = BUILT_PRODUCTS_DIR; };
		FECBE549217631CD00AD9112 /* numbersTests.swift */ = {isa = PBXFileReference; lastKnownFileType = sourcecode.swift; path = numbersTests.swift; sourceTree = "<group>"; };
		FECBE54B217631CD00AD9112 /* Info.plist */ = {isa = PBXFileReference; lastKnownFileType = text.plist.xml; path = Info.plist; sourceTree = "<group>"; };
		FECBE550217631CD00AD9112 /* numbersUITests.xctest */ = {isa = PBXFileReference; explicitFileType = wrapper.cfbundle; includeInIndex = 0; path = numbersUITests.xctest; sourceTree = BUILT_PRODUCTS_DIR; };
		FECBE554217631CD00AD9112 /* numbersUITests.swift */ = {isa = PBXFileReference; lastKnownFileType = sourcecode.swift; path = numbersUITests.swift; sourceTree = "<group>"; };
		FECBE556217631CD00AD9112 /* Info.plist */ = {isa = PBXFileReference; lastKnownFileType = text.plist.xml; path = Info.plist; sourceTree = "<group>"; };
		FECBE56221773D2800AD9112 /* SimpleMnist.mlmodel */ = {isa = PBXFileReference; lastKnownFileType = file.mlmodel; name = SimpleMnist.mlmodel; path = "../../../../blogposts/zoo/CoreML-samples/coremltools/SimpleMnist.mlmodel"; sourceTree = "<group>"; };
/* End PBXFileReference section */

/* Begin PBXFrameworksBuildPhase section */
		FECBE52E217631CC00AD9112 /* Frameworks */ = {
			isa = PBXFrameworksBuildPhase;
			buildActionMask = 2147483647;
			files = (
			);
			runOnlyForDeploymentPostprocessing = 0;
		};
		FECBE542217631CD00AD9112 /* Frameworks */ = {
			isa = PBXFrameworksBuildPhase;
			buildActionMask = 2147483647;
			files = (
			);
			runOnlyForDeploymentPostprocessing = 0;
		};
		FECBE54D217631CD00AD9112 /* Frameworks */ = {
			isa = PBXFrameworksBuildPhase;
			buildActionMask = 2147483647;
			files = (
			);
			runOnlyForDeploymentPostprocessing = 0;
		};
/* End PBXFrameworksBuildPhase section */

/* Begin PBXGroup section */
		FECBE528217631CC00AD9112 = {
			isa = PBXGroup;
			children = (
				FECBE533217631CC00AD9112 /* numbers */,
				FECBE548217631CD00AD9112 /* numbersTests */,
				FECBE553217631CD00AD9112 /* numbersUITests */,
				FECBE532217631CC00AD9112 /* Products */,
			);
			sourceTree = "<group>";
		};
		FECBE532217631CC00AD9112 /* Products */ = {
			isa = PBXGroup;
			children = (
				FECBE531217631CC00AD9112 /* numbers.app */,
				FECBE545217631CD00AD9112 /* numbersTests.xctest */,
				FECBE550217631CD00AD9112 /* numbersUITests.xctest */,
			);
			name = Products;
			sourceTree = "<group>";
		};
		FECBE533217631CC00AD9112 /* numbers */ = {
			isa = PBXGroup;
			children = (
				FECBE56221773D2800AD9112 /* SimpleMnist.mlmodel */,
				FECBE534217631CC00AD9112 /* AppDelegate.swift */,
				FECBE536217631CC00AD9112 /* ViewController.swift */,
				FECBE53B217631CD00AD9112 /* Assets.xcassets */,
				FECBE53D217631CD00AD9112 /* LaunchScreen.storyboard */,
				FECBE540217631CD00AD9112 /* Info.plist */,
			);
			path = numbers;
			sourceTree = "<group>";
		};
		FECBE548217631CD00AD9112 /* numbersTests */ = {
			isa = PBXGroup;
			children = (
				FECBE549217631CD00AD9112 /* numbersTests.swift */,
				FECBE54B217631CD00AD9112 /* Info.plist */,
			);
			path = numbersTests;
			sourceTree = "<group>";
		};
		FECBE553217631CD00AD9112 /* numbersUITests */ = {
			isa = PBXGroup;
			children = (
				FECBE554217631CD00AD9112 /* numbersUITests.swift */,
				FECBE556217631CD00AD9112 /* Info.plist */,
			);
			path = numbersUITests;
			sourceTree = "<group>";
		};
/* End PBXGroup section */

/* Begin PBXNativeTarget section */
		FECBE530217631CC00AD9112 /* numbers */ = {
			isa = PBXNativeTarget;
			buildConfigurationList = FECBE559217631CD00AD9112 /* Build configuration list for PBXNativeTarget "numbers" */;
			buildPhases = (
				FECBE52D217631CC00AD9112 /* Sources */,
				FECBE52E217631CC00AD9112 /* Frameworks */,
				FECBE52F217631CC00AD9112 /* Resources */,
			);
			buildRules = (
			);
			dependencies = (
			);
			name = numbers;
			productName = numbers;
			productReference = FECBE531217631CC00AD9112 /* numbers.app */;
			productType = "com.apple.product-type.application";
		};
		FECBE544217631CD00AD9112 /* numbersTests */ = {
			isa = PBXNativeTarget;
			buildConfigurationList = FECBE55C217631CD00AD9112 /* Build configuration list for PBXNativeTarget "numbersTests" */;
			buildPhases = (
				FECBE541217631CD00AD9112 /* Sources */,
				FECBE542217631CD00AD9112 /* Frameworks */,
				FECBE543217631CD00AD9112 /* Resources */,
			);
			buildRules = (
			);
			dependencies = (
				FECBE547217631CD00AD9112 /* PBXTargetDependency */,
			);
			name = numbersTests;
			productName = numbersTests;
			productReference = FECBE545217631CD00AD9112 /* numbersTests.xctest */;
			productType = "com.apple.product-type.bundle.unit-test";
		};
		FECBE54F217631CD00AD9112 /* numbersUITests */ = {
			isa = PBXNativeTarget;
			buildConfigurationList = FECBE55F217631CD00AD9112 /* Build configuration list for PBXNativeTarget "numbersUITests" */;
			buildPhases = (
				FECBE54C217631CD00AD9112 /* Sources */,
				FECBE54D217631CD00AD9112 /* Frameworks */,
				FECBE54E217631CD00AD9112 /* Resources */,
			);
			buildRules = (
			);
			dependencies = (
				FECBE552217631CD00AD9112 /* PBXTargetDependency */,
			);
			name = numbersUITests;
			productName = numbersUITests;
			productReference = FECBE550217631CD00AD9112 /* numbersUITests.xctest */;
			productType = "com.apple.product-type.bundle.ui-testing";
		};
/* End PBXNativeTarget section */

/* Begin PBXProject section */
		FECBE529217631CC00AD9112 /* Project object */ = {
			isa = PBXProject;
			attributes = {
				LastSwiftUpdateCheck = 0940;
				LastUpgradeCheck = 0940;
				ORGANIZATIONNAME = plotti;
				TargetAttributes = {
					FECBE530217631CC00AD9112 = {
						CreatedOnToolsVersion = 9.4.1;
					};
					FECBE544217631CD00AD9112 = {
						CreatedOnToolsVersion = 9.4.1;
						TestTargetID = FECBE530217631CC00AD9112;
					};
					FECBE54F217631CD00AD9112 = {
						CreatedOnToolsVersion = 9.4.1;
						TestTargetID = FECBE530217631CC00AD9112;
					};
				};
			};
			buildConfigurationList = FECBE52C217631CC00AD9112 /* Build configuration list for PBXProject "numbers" */;
			compatibilityVersion = "Xcode 9.3";
			developmentRegion = en;
			hasScannedForEncodings = 0;
			knownRegions = (
				en,
				Base,
			);
			mainGroup = FECBE528217631CC00AD9112;
			productRefGroup = FECBE532217631CC00AD9112 /* Products */;
			projectDirPath = "";
			projectRoot = "";
			targets = (
				FECBE530217631CC00AD9112 /* numbers */,
				FECBE544217631CD00AD9112 /* numbersTests */,
				FECBE54F217631CD00AD9112 /* numbersUITests */,
			);
		};
/* End PBXProject section */

/* Begin PBXResourcesBuildPhase section */
		FECBE52F217631CC00AD9112 /* Resources */ = {
			isa = PBXResourcesBuildPhase;
			buildActionMask = 2147483647;
			files = (
				FECBE53F217631CD00AD9112 /* LaunchScreen.storyboard in Resources */,
				FECBE53C217631CD00AD9112 /* Assets.xcassets in Resources */,
			);
			runOnlyForDeploymentPostprocessing = 0;
		};
		FECBE543217631CD00AD9112 /* Resources */ = {
			isa = PBXResourcesBuildPhase;
			buildActionMask = 2147483647;
			files = (
			);
			runOnlyForDeploymentPostprocessing = 0;
		};
		FECBE54E217631CD00AD9112 /* Resources */ = {
			isa = PBXResourcesBuildPhase;
			buildActionMask = 2147483647;
			files = (
			);
			runOnlyForDeploymentPostprocessing = 0;
		};
/* End PBXResourcesBuildPhase section */

/* Begin PBXSourcesBuildPhase section */
		FECBE52D217631CC00AD9112 /* Sources */ = {
			isa = PBXSourcesBuildPhase;
			buildActionMask = 2147483647;
			files = (
				FECBE537217631CC00AD9112 /* ViewController.swift in Sources */,
				FECBE56321773D2800AD9112 /* SimpleMnist.mlmodel in Sources */,
				FECBE535217631CC00AD9112 /* AppDelegate.swift in Sources */,
			);
			runOnlyForDeploymentPostprocessing = 0;
		};
		FECBE541217631CD00AD9112 /* Sources */ = {
			isa = PBXSourcesBuildPhase;
			buildActionMask = 2147483647;
			files = (
				FECBE54A217631CD00AD9112 /* numbersTests.swift in Sources */,
			);
			runOnlyForDeploymentPostprocessing = 0;
		};
		FECBE54C217631CD00AD9112 /* Sources */ = {
			isa = PBXSourcesBuildPhase;
			buildActionMask = 2147483647;
			files = (
				FECBE555217631CD00AD9112 /* numbersUITests.swift in Sources */,
			);
			runOnlyForDeploymentPostprocessing = 0;
		};
/* End PBXSourcesBuildPhase section */

/* Begin PBXTargetDependency section */
		FECBE547217631CD00AD9112 /* PBXTargetDependency */ = {
			isa = PBXTargetDependency;
			target = FECBE530217631CC00AD9112 /* numbers */;
			targetProxy = FECBE546217631CD00AD9112 /* PBXContainerItemProxy */;
		};
		FECBE552217631CD00AD9112 /* PBXTargetDependency */ = {
			isa = PBXTargetDependency;
			target = FECBE530217631CC00AD9112 /* numbers */;
			targetProxy = FECBE551217631CD00AD9112 /* PBXContainerItemProxy */;
		};
/* End PBXTargetDependency section */

/* Begin PBXVariantGroup section */
		FECBE53D217631CD00AD9112 /* LaunchScreen.storyboard */ = {
			isa = PBXVariantGroup;
			children = (
				FECBE53E217631CD00AD9112 /* Base */,
			);
			name = LaunchScreen.storyboard;
			sourceTree = "<group>";
		};
/* End PBXVariantGroup section */

/* Begin XCBuildConfiguration section */
		FECBE557217631CD00AD9112 /* Debug */ = {
			isa = XCBuildConfiguration;
			buildSettings = {
				ALWAYS_SEARCH_USER_PATHS = NO;
				CLANG_ANALYZER_NONNULL = YES;
				CLANG_ANALYZER_NUMBER_OBJECT_CONVERSION = YES_AGGRESSIVE;
				CLANG_CXX_LANGUAGE_STANDARD = "gnu++14";
				CLANG_CXX_LIBRARY = "libc++";
				CLANG_ENABLE_MODULES = YES;
				CLANG_ENABLE_OBJC_ARC = YES;
				CLANG_ENABLE_OBJC_WEAK = YES;
				CLANG_WARN_BLOCK_CAPTURE_AUTORELEASING = YES;
				CLANG_WARN_BOOL_CONVERSION = YES;
				CLANG_WARN_COMMA = YES;
				CLANG_WARN_CONSTANT_CONVERSION = YES;
				CLANG_WARN_DEPRECATED_OBJC_IMPLEMENTATIONS = YES;
				CLANG_WARN_DIRECT_OBJC_ISA_USAGE = YES_ERROR;
				CLANG_WARN_DOCUMENTATION_COMMENTS = YES;
				CLANG_WARN_EMPTY_BODY = YES;
				CLANG_WARN_ENUM_CONVERSION = YES;
				CLANG_WARN_INFINITE_RECURSION = YES;
				CLANG_WARN_INT_CONVERSION = YES;
				CLANG_WARN_NON_LITERAL_NULL_CONVERSION = YES;
				CLANG_WARN_OBJC_IMPLICIT_RETAIN_SELF = YES;
				CLANG_WARN_OBJC_LITERAL_CONVERSION = YES;
				CLANG_WARN_OBJC_ROOT_CLASS = YES_ERROR;
				CLANG_WARN_RANGE_LOOP_ANALYSIS = YES;
				CLANG_WARN_STRICT_PROTOTYPES = YES;
				CLANG_WARN_SUSPICIOUS_MOVE = YES;
				CLANG_WARN_UNGUARDED_AVAILABILITY = YES_AGGRESSIVE;
				CLANG_WARN_UNREACHABLE_CODE = YES;
				CLANG_WARN__DUPLICATE_METHOD_MATCH = YES;
				CODE_SIGN_IDENTITY = "iPhone Developer";
				COPY_PHASE_STRIP = NO;
				DEBUG_INFORMATION_FORMAT = dwarf;
				ENABLE_STRICT_OBJC_MSGSEND = YES;
				ENABLE_TESTABILITY = YES;
				GCC_C_LANGUAGE_STANDARD = gnu11;
				GCC_DYNAMIC_NO_PIC = NO;
				GCC_NO_COMMON_BLOCKS = YES;
				GCC_OPTIMIZATION_LEVEL = 0;
				GCC_PREPROCESSOR_DEFINITIONS = (
					"DEBUG=1",
					"$(inherited)",
				);
				GCC_WARN_64_TO_32_BIT_CONVERSION = YES;
				GCC_WARN_ABOUT_RETURN_TYPE = YES_ERROR;
				GCC_WARN_UNDECLARED_SELECTOR = YES;
				GCC_WARN_UNINITIALIZED_AUTOS = YES_AGGRESSIVE;
				GCC_WARN_UNUSED_FUNCTION = YES;
				GCC_WARN_UNUSED_VARIABLE = YES;
				IPHONEOS_DEPLOYMENT_TARGET = 11.4;
				MTL_ENABLE_DEBUG_INFO = YES;
				ONLY_ACTIVE_ARCH = YES;
				SDKROOT = iphoneos;
				SWIFT_ACTIVE_COMPILATION_CONDITIONS = DEBUG;
				SWIFT_OPTIMIZATION_LEVEL = "-Onone";
			};
			name = Debug;
		};
		FECBE558217631CD00AD9112 /* Release */ = {
			isa = XCBuildConfiguration;
			buildSettings = {
				ALWAYS_SEARCH_USER_PATHS = NO;
				CLANG_ANALYZER_NONNULL = YES;
				CLANG_ANALYZER_NUMBER_OBJECT_CONVERSION = YES_AGGRESSIVE;
				CLANG_CXX_LANGUAGE_STANDARD = "gnu++14";
				CLANG_CXX_LIBRARY = "libc++";
				CLANG_ENABLE_MODULES = YES;
				CLANG_ENABLE_OBJC_ARC = YES;
				CLANG_ENABLE_OBJC_WEAK = YES;
				CLANG_WARN_BLOCK_CAPTURE_AUTORELEASING = YES;
				CLANG_WARN_BOOL_CONVERSION = YES;
				CLANG_WARN_COMMA = YES;
				CLANG_WARN_CONSTANT_CONVERSION = YES;
				CLANG_WARN_DEPRECATED_OBJC_IMPLEMENTATIONS = YES;
				CLANG_WARN_DIRECT_OBJC_ISA_USAGE = YES_ERROR;
				CLANG_WARN_DOCUMENTATION_COMMENTS = YES;
				CLANG_WARN_EMPTY_BODY = YES;
				CLANG_WARN_ENUM_CONVERSION = YES;
				CLANG_WARN_INFINITE_RECURSION = YES;
				CLANG_WARN_INT_CONVERSION = YES;
				CLANG_WARN_NON_LITERAL_NULL_CONVERSION = YES;
				CLANG_WARN_OBJC_IMPLICIT_RETAIN_SELF = YES;
				CLANG_WARN_OBJC_LITERAL_CONVERSION = YES;
				CLANG_WARN_OBJC_ROOT_CLASS = YES_ERROR;
				CLANG_WARN_RANGE_LOOP_ANALYSIS = YES;
				CLANG_WARN_STRICT_PROTOTYPES = YES;
				CLANG_WARN_SUSPICIOUS_MOVE = YES;
				CLANG_WARN_UNGUARDED_AVAILABILITY = YES_AGGRESSIVE;
				CLANG_WARN_UNREACHABLE_CODE = YES;
				CLANG_WARN__DUPLICATE_METHOD_MATCH = YES;
				CODE_SIGN_IDENTITY = "iPhone Developer";
				COPY_PHASE_STRIP = NO;
				DEBUG_INFORMATION_FORMAT = "dwarf-with-dsym";
				ENABLE_NS_ASSERTIONS = NO;
				ENABLE_STRICT_OBJC_MSGSEND = YES;
				GCC_C_LANGUAGE_STANDARD = gnu11;
				GCC_NO_COMMON_BLOCKS = YES;
				GCC_WARN_64_TO_32_BIT_CONVERSION = YES;
				GCC_WARN_ABOUT_RETURN_TYPE = YES_ERROR;
				GCC_WARN_UNDECLARED_SELECTOR = YES;
				GCC_WARN_UNINITIALIZED_AUTOS = YES_AGGRESSIVE;
				GCC_WARN_UNUSED_FUNCTION = YES;
				GCC_WARN_UNUSED_VARIABLE = YES;
				IPHONEOS_DEPLOYMENT_TARGET = 11.4;
				MTL_ENABLE_DEBUG_INFO = NO;
				SDKROOT = iphoneos;
				SWIFT_COMPILATION_MODE = wholemodule;
				SWIFT_OPTIMIZATION_LEVEL = "-O";
				VALIDATE_PRODUCT = YES;
			};
			name = Release;
		};
		FECBE55A217631CD00AD9112 /* Debug */ = {
			isa = XCBuildConfiguration;
			buildSettings = {
				ASSETCATALOG_COMPILER_APPICON_NAME = AppIcon;
				CODE_SIGN_STYLE = Automatic;
				DEVELOPMENT_TEAM = XWF9M53YPB;
				INFOPLIST_FILE = numbers/Info.plist;
				LD_RUNPATH_SEARCH_PATHS = (
					"$(inherited)",
					"@executable_path/Frameworks",
				);
				PRODUCT_BUNDLE_IDENTIFIER = plotti.numbers;
				PRODUCT_NAME = "$(TARGET_NAME)";
				SWIFT_VERSION = 4.0;
				TARGETED_DEVICE_FAMILY = "1,2";
			};
			name = Debug;
		};
		FECBE55B217631CD00AD9112 /* Release */ = {
			isa = XCBuildConfiguration;
			buildSettings = {
				ASSETCATALOG_COMPILER_APPICON_NAME = AppIcon;
				CODE_SIGN_STYLE = Automatic;
				DEVELOPMENT_TEAM = XWF9M53YPB;
				INFOPLIST_FILE = numbers/Info.plist;
				LD_RUNPATH_SEARCH_PATHS = (
					"$(inherited)",
					"@executable_path/Frameworks",
				);
				PRODUCT_BUNDLE_IDENTIFIER = plotti.numbers;
				PRODUCT_NAME = "$(TARGET_NAME)";
				SWIFT_VERSION = 4.0;
				TARGETED_DEVICE_FAMILY = "1,2";
			};
			name = Release;
		};
		FECBE55D217631CD00AD9112 /* Debug */ = {
			isa = XCBuildConfiguration;
			buildSettings = {
				ALWAYS_EMBED_SWIFT_STANDARD_LIBRARIES = YES;
				BUNDLE_LOADER = "$(TEST_HOST)";
				CODE_SIGN_STYLE = Automatic;
				INFOPLIST_FILE = numbersTests/Info.plist;
				LD_RUNPATH_SEARCH_PATHS = (
					"$(inherited)",
					"@executable_path/Frameworks",
					"@loader_path/Frameworks",
				);
				PRODUCT_BUNDLE_IDENTIFIER = plotti.numbersTests;
				PRODUCT_NAME = "$(TARGET_NAME)";
				SWIFT_VERSION = 4.0;
				TARGETED_DEVICE_FAMILY = "1,2";
				TEST_HOST = "$(BUILT_PRODUCTS_DIR)/numbers.app/numbers";
			};
			name = Debug;
		};
		FECBE55E217631CD00AD9112 /* Release */ = {
			isa = XCBuildConfiguration;
			buildSettings = {
				ALWAYS_EMBED_SWIFT_STANDARD_LIBRARIES = YES;
				BUNDLE_LOADER = "$(TEST_HOST)";
				CODE_SIGN_STYLE = Automatic;
				INFOPLIST_FILE = numbersTests/Info.plist;
				LD_RUNPATH_SEARCH_PATHS = (
					"$(inherited)",
					"@executable_path/Frameworks",
					"@loader_path/Frameworks",
				);
				PRODUCT_BUNDLE_IDENTIFIER = plotti.numbersTests;
				PRODUCT_NAME = "$(TARGET_NAME)";
				SWIFT_VERSION = 4.0;
				TARGETED_DEVICE_FAMILY = "1,2";
				TEST_HOST = "$(BUILT_PRODUCTS_DIR)/numbers.app/numbers";
			};
			name = Release;
		};
		FECBE560217631CD00AD9112 /* Debug */ = {
			isa = XCBuildConfiguration;
			buildSettings = {
				ALWAYS_EMBED_SWIFT_STANDARD_LIBRARIES = YES;
				CODE_SIGN_STYLE = Automatic;
				INFOPLIST_FILE = numbersUITests/Info.plist;
				LD_RUNPATH_SEARCH_PATHS = (
					"$(inherited)",
					"@executable_path/Frameworks",
					"@loader_path/Frameworks",
				);
				PRODUCT_BUNDLE_IDENTIFIER = plotti.numbersUITests;
				PRODUCT_NAME = "$(TARGET_NAME)";
				SWIFT_VERSION = 4.0;
				TARGETED_DEVICE_FAMILY = "1,2";
				TEST_TARGET_NAME = numbers;
			};
			name = Debug;
		};
		FECBE561217631CD00AD9112 /* Release */ = {
			isa = XCBuildConfiguration;
			buildSettings = {
				ALWAYS_EMBED_SWIFT_STANDARD_LIBRARIES = YES;
				CODE_SIGN_STYLE = Automatic;
				INFOPLIST_FILE = numbersUITests/Info.plist;
				LD_RUNPATH_SEARCH_PATHS = (
					"$(inherited)",
					"@executable_path/Frameworks",
					"@loader_path/Frameworks",
				);
				PRODUCT_BUNDLE_IDENTIFIER = plotti.numbersUITests;
				PRODUCT_NAME = "$(TARGET_NAME)";
				SWIFT_VERSION = 4.0;
				TARGETED_DEVICE_FAMILY = "1,2";
				TEST_TARGET_NAME = numbers;
			};
			name = Release;
		};
/* End XCBuildConfiguration section */

/* Begin XCConfigurationList section */
		FECBE52C217631CC00AD9112 /* Build configuration list for PBXProject "numbers" */ = {
			isa = XCConfigurationList;
			buildConfigurations = (
				FECBE557217631CD00AD9112 /* Debug */,
				FECBE558217631CD00AD9112 /* Release */,
			);
			defaultConfigurationIsVisible = 0;
			defaultConfigurationName = Release;
		};
		FECBE559217631CD00AD9112 /* Build configuration list for PBXNativeTarget "numbers" */ = {
			isa = XCConfigurationList;
			buildConfigurations = (
				FECBE55A217631CD00AD9112 /* Debug */,
				FECBE55B217631CD00AD9112 /* Release */,
			);
			defaultConfigurationIsVisible = 0;
			defaultConfigurationName = Release;
		};
		FECBE55C217631CD00AD9112 /* Build configuration list for PBXNativeTarget "numbersTests" */ = {
			isa = XCConfigurationList;
			buildConfigurations = (
				FECBE55D217631CD00AD9112 /* Debug */,
				FECBE55E217631CD00AD9112 /* Release */,
			);
			defaultConfigurationIsVisible = 0;
			defaultConfigurationName = Release;
		};
		FECBE55F217631CD00AD9112 /* Build configuration list for PBXNativeTarget "numbersUITests" */ = {
			isa = XCConfigurationList;
			buildConfigurations = (
				FECBE560217631CD00AD9112 /* Debug */,
				FECBE561217631CD00AD9112 /* Release */,
			);
			defaultConfigurationIsVisible = 0;
			defaultConfigurationName = Release;
		};
/* End XCConfigurationList section */
	};
	rootObject = FECBE529217631CC00AD9112 /* Project object */;
}
